
Microsoft Visual Studio Solution File, Format Version 12.00
# Visual Studio Version 17
VisualStudioVersion = 17.0.32014.148
MinimumVisualStudioVersion = 10.0.40219.1
Project("{9A19103F-16F7-4668-BE54-9A1E7A4F7556}") = "RegistrationAPI", "RegistrationAPI\RegistrationAPI.csproj", "{B9E76413-11A2-4B69-8EB9-E57354B7DF4A}"
EndProject
Project("{9A19103F-16F7-4668-BE54-9A1E7A4F7556}") = "Domain", "Domain\Domain.csproj", "{775B7346-EF6A-4A1B-9CCF-91339927EB5E}"
EndProject
Project("{9A19103F-16F7-4668-BE54-9A1E7A4F7556}") = "Service", "Service\Service.csproj", "{FD099B6D-5983-4807-A685-35FB7D482899}"
EndProject
Project("{9A19103F-16F7-4668-BE54-9A1E7A4F7556}") = "Common", "Common\Common.csproj", "{CE25112A-9EF6-4AD8-877F-B743A8FE98BB}"
EndProject
Project("{FAE04EC0-301F-11D3-BF4B-00C04F79EFBC}") = "ServiceModels", "ServiceModels\ServiceModels.csproj", "{01CF99CE-A9E2-487C-BCFA-E0441E21E4BD}"
EndProject
Global
	GlobalSection(SolutionConfigurationPlatforms) = preSolution
		Debug|Any CPU = Debug|Any CPU
		Release|Any CPU = Release|Any CPU
	EndGlobalSection
	GlobalSection(ProjectConfigurationPlatforms) = postSolution
		{B9E76413-11A2-4B69-8EB9-E57354B7DF4A}.Debug|Any CPU.ActiveCfg = Debug|Any CPU
		{B9E76413-11A2-4B69-8EB9-E57354B7DF4A}.Debug|Any CPU.Build.0 = Debug|Any CPU
		{B9E76413-11A2-4B69-8EB9-E57354B7DF4A}.Release|Any CPU.ActiveCfg = Release|Any CPU
		{B9E76413-11A2-4B69-8EB9-E57354B7DF4A}.Release|Any CPU.Build.0 = Release|Any CPU
		{775B7346-EF6A-4A1B-9CCF-91339927EB5E}.Debug|Any CPU.ActiveCfg = Debug|Any CPU
		{775B7346-EF6A-4A1B-9CCF-91339927EB5E}.Debug|Any CPU.Build.0 = Debug|Any CPU
		{775B7346-EF6A-4A1B-9CCF-91339927EB5E}.Release|Any CPU.ActiveCfg = Release|Any CPU
		{775B7346-EF6A-4A1B-9CCF-91339927EB5E}.Release|Any CPU.Build.0 = Release|Any CPU
		{FD099B6D-5983-4807-A685-35FB7D482899}.Debug|Any CPU.ActiveCfg = Debug|Any CPU
		{FD099B6D-5983-4807-A685-35FB7D482899}.Debug|Any CPU.Build.0 = Debug|Any CPU
		{FD099B6D-5983-4807-A685-35FB7D482899}.Release|Any CPU.ActiveCfg = Release|Any CPU
		{FD099B6D-5983-4807-A685-35FB7D482899}.Release|Any CPU.Build.0 = Release|Any CPU
		{CE25112A-9EF6-4AD8-877F-B743A8FE98BB}.Debug|Any CPU.ActiveCfg = Debug|Any CPU
		{CE25112A-9EF6-4AD8-877F-B743A8FE98BB}.Debug|Any CPU.Build.0 = Debug|Any CPU
		{CE25112A-9EF6-4AD8-877F-B743A8FE98BB}.Release|Any CPU.ActiveCfg = Release|Any CPU
		{CE25112A-9EF6-4AD8-877F-B743A8FE98BB}.Release|Any CPU.Build.0 = Release|Any CPU
		{01CF99CE-A9E2-487C-BCFA-E0441E21E4BD}.Debug|Any CPU.ActiveCfg = Debug|Any CPU
		{01CF99CE-A9E2-487C-BCFA-E0441E21E4BD}.Debug|Any CPU.Build.0 = Debug|Any CPU
		{01CF99CE-A9E2-487C-BCFA-E0441E21E4BD}.Release|Any CPU.ActiveCfg = Release|Any CPU
		{01CF99CE-A9E2-487C-BCFA-E0441E21E4BD}.Release|Any CPU.Build.0 = Release|Any CPU
	EndGlobalSection
	GlobalSection(SolutionProperties) = preSolution
		HideSolutionNode = FALSE
	EndGlobalSection
	GlobalSection(ExtensibilityGlobals) = postSolution
		SolutionGuid = {F8E8B50A-2D19-4C1B-869C-9A38D799B01D}
	EndGlobalSection
EndGlobal
